
Microsoft Visual Studio Solution File, Format Version 12.00
# Visual Studio Version 17
VisualStudioVersion = 17.5.33424.131
MinimumVisualStudioVersion = 10.0.40219.1
Project("{8BC9CEB8-8B4A-11D0-8D11-00A0C91BC942}") = "List", "List\List.vcxproj", "{E48EFEB3-B4A2-4F51-8E3D-4F3756DEA2C7}"
EndProject
Global
	GlobalSection(SolutionConfigurationPlatforms) = preSolution
		Debug|x64 = Debug|x64
		Debug|x86 = Debug|x86
		Release|x64 = Release|x64
		Release|x86 = Release|x86
	EndGlobalSection
	GlobalSection(ProjectConfigurationPlatforms) = postSolution
		{E48EFEB3-B4A2-4F51-8E3D-4F3756DEA2C7}.Debug|x64.ActiveCfg = Debug|x64
		{E48EFEB3-B4A2-4F51-8E3D-4F3756DEA2C7}.Debug|x64.Build.0 = Debug|x64
		{E48EFEB3-B4A2-4F51-8E3D-4F3756DEA2C7}.Debug|x86.ActiveCfg = Debug|Win32
		{E48EFEB3-B4A2-4F51-8E3D-4F3756DEA2C7}.Debug|x86.Build.0 = Debug|Win32
		{E48EFEB3-B4A2-4F51-8E3D-4F3756DEA2C7}.Release|x64.ActiveCfg = Release|x64
		{E48EFEB3-B4A2-4F51-8E3D-4F3756DEA2C7}.Release|x64.Build.0 = Release|x64
		{E48EFEB3-B4A2-4F51-8E3D-4F3756DEA2C7}.Release|x86.ActiveCfg = Release|Win32
		{E48EFEB3-B4A2-4F51-8E3D-4F3756DEA2C7}.Release|x86.Build.0 = Release|Win32
	EndGlobalSection
	GlobalSection(SolutionProperties) = preSolution
		HideSolutionNode = FALSE
	EndGlobalSection
	GlobalSection(ExtensibilityGlobals) = postSolution
		SolutionGuid = {4CA8F779-C09E-4BD8-ACE3-CE298D12E0E5}
	EndGlobalSection
EndGlobal
